
Microsoft Visual Studio Solution File, Format Version 12.00
# Visual Studio Version 17
VisualStudioVersion = 17.0.31903.59
MinimumVisualStudioVersion = 10.0.40219.1
Project("{FAE04EC0-301F-11D3-BF4B-00C04F79EFBC}") = "web-app-asp-net-mvc-html", "web-app-asp-net-mvc-html\web-app-asp-net-mvc-html.csproj", "{95BAEA45-DB32-42D0-A06B-4D6BCB32A84E}"
EndProject
Global
	GlobalSection(SolutionConfigurationPlatforms) = preSolution
		Debug|Any CPU = Debug|Any CPU
		Release|Any CPU = Release|Any CPU
	EndGlobalSection
	GlobalSection(ProjectConfigurationPlatforms) = postSolution
		{95BAEA45-DB32-42D0-A06B-4D6BCB32A84E}.Debug|Any CPU.ActiveCfg = Debug|Any CPU
		{95BAEA45-DB32-42D0-A06B-4D6BCB32A84E}.Debug|Any CPU.Build.0 = Debug|Any CPU
		{95BAEA45-DB32-42D0-A06B-4D6BCB32A84E}.Release|Any CPU.ActiveCfg = Release|Any CPU
		{95BAEA45-DB32-42D0-A06B-4D6BCB32A84E}.Release|Any CPU.Build.0 = Release|Any CPU
	EndGlobalSection
	GlobalSection(SolutionProperties) = preSolution
		HideSolutionNode = FALSE
	EndGlobalSection
	GlobalSection(ExtensibilityGlobals) = postSolution
		SolutionGuid = {D1754961-0737-4C84-A99A-F13C2BC73507}
	EndGlobalSection
EndGlobal
